
Microsoft Visual Studio Solution File, Format Version 12.00
# Visual Studio 15
VisualStudioVersion = 15.0.27428.2037
MinimumVisualStudioVersion = 10.0.40219.1
Project("{9A19103F-16F7-4668-BE54-9A1E7A4F7556}") = "StateMachine", "StateMachine\StateMachine.csproj", "{09A51AC7-6016-4656-B0B2-5B218FA45186}"
EndProject
Project("{FAE04EC0-301F-11D3-BF4B-00C04F79EFBC}") = "StateMachine.Example", "StateMachine.Example\StateMachine.Example.csproj", "{51425113-874F-4FAD-98BB-3D0612144E04}"
EndProject
Global
	GlobalSection(SolutionConfigurationPlatforms) = preSolution
		Debug|Any CPU = Debug|Any CPU
		Release|Any CPU = Release|Any CPU
	EndGlobalSection
	GlobalSection(ProjectConfigurationPlatforms) = postSolution
		{09A51AC7-6016-4656-B0B2-5B218FA45186}.Debug|Any CPU.ActiveCfg = Debug|Any CPU
		{09A51AC7-6016-4656-B0B2-5B218FA45186}.Debug|Any CPU.Build.0 = Debug|Any CPU
		{09A51AC7-6016-4656-B0B2-5B218FA45186}.Release|Any CPU.ActiveCfg = Release|Any CPU
		{09A51AC7-6016-4656-B0B2-5B218FA45186}.Release|Any CPU.Build.0 = Release|Any CPU
		{51425113-874F-4FAD-98BB-3D0612144E04}.Debug|Any CPU.ActiveCfg = Debug|Any CPU
		{51425113-874F-4FAD-98BB-3D0612144E04}.Debug|Any CPU.Build.0 = Debug|Any CPU
		{51425113-874F-4FAD-98BB-3D0612144E04}.Release|Any CPU.ActiveCfg = Release|Any CPU
		{51425113-874F-4FAD-98BB-3D0612144E04}.Release|Any CPU.Build.0 = Release|Any CPU
	EndGlobalSection
	GlobalSection(SolutionProperties) = preSolution
		HideSolutionNode = FALSE
	EndGlobalSection
	GlobalSection(ExtensibilityGlobals) = postSolution
		SolutionGuid = {29A175B5-68B3-4074-94C0-C97D83C1039F}
	EndGlobalSection
EndGlobal
